
Microsoft Visual Studio Solution File, Format Version 12.00
# Visual Studio Version 16
VisualStudioVersion = 16.0.31005.135
MinimumVisualStudioVersion = 10.0.40219.1
Project("{FAE04EC0-301F-11D3-BF4B-00C04F79EFBC}") = "Metotlarr", "Metotlarr\Metotlarr.csproj", "{207DCD07-0550-4415-A76C-D2B55EE2A747}"
EndProject
Project("{FAE04EC0-301F-11D3-BF4B-00C04F79EFBC}") = "DegeerVeReferansTipler", "DegeerVeReferansTipler\DegeerVeReferansTipler.csproj", "{6F3D9F33-DD80-4874-8F4A-4C3F2A3B360E}"
EndProject
Global
	GlobalSection(SolutionConfigurationPlatforms) = preSolution
		Debug|Any CPU = Debug|Any CPU
		Release|Any CPU = Release|Any CPU
	EndGlobalSection
	GlobalSection(ProjectConfigurationPlatforms) = postSolution
		{207DCD07-0550-4415-A76C-D2B55EE2A747}.Debug|Any CPU.ActiveCfg = Debug|Any CPU
		{207DCD07-0550-4415-A76C-D2B55EE2A747}.Debug|Any CPU.Build.0 = Debug|Any CPU
		{207DCD07-0550-4415-A76C-D2B55EE2A747}.Release|Any CPU.ActiveCfg = Release|Any CPU
		{207DCD07-0550-4415-A76C-D2B55EE2A747}.Release|Any CPU.Build.0 = Release|Any CPU
		{6F3D9F33-DD80-4874-8F4A-4C3F2A3B360E}.Debug|Any CPU.ActiveCfg = Debug|Any CPU
		{6F3D9F33-DD80-4874-8F4A-4C3F2A3B360E}.Debug|Any CPU.Build.0 = Debug|Any CPU
		{6F3D9F33-DD80-4874-8F4A-4C3F2A3B360E}.Release|Any CPU.ActiveCfg = Release|Any CPU
		{6F3D9F33-DD80-4874-8F4A-4C3F2A3B360E}.Release|Any CPU.Build.0 = Release|Any CPU
	EndGlobalSection
	GlobalSection(SolutionProperties) = preSolution
		HideSolutionNode = FALSE
	EndGlobalSection
	GlobalSection(ExtensibilityGlobals) = postSolution
		SolutionGuid = {3852DBBA-2C64-4363-87E4-5EFB7301D811}
	EndGlobalSection
EndGlobal
